
Microsoft Visual Studio Solution File, Format Version 12.00
# Visual Studio Version 17
VisualStudioVersion = 17.6.33815.320
MinimumVisualStudioVersion = 10.0.40219.1
Project("{FAE04EC0-301F-11D3-BF4B-00C04F79EFBC}") = "abc", "abc\abc.csproj", "{ED2FFDF3-FBD4-4DC7-B2AD-71A1C332F085}"
EndProject
Global
	GlobalSection(SolutionConfigurationPlatforms) = preSolution
		Debug|Any CPU = Debug|Any CPU
		Release|Any CPU = Release|Any CPU
	EndGlobalSection
	GlobalSection(ProjectConfigurationPlatforms) = postSolution
		{ED2FFDF3-FBD4-4DC7-B2AD-71A1C332F085}.Debug|Any CPU.ActiveCfg = Debug|Any CPU
		{ED2FFDF3-FBD4-4DC7-B2AD-71A1C332F085}.Debug|Any CPU.Build.0 = Debug|Any CPU
		{ED2FFDF3-FBD4-4DC7-B2AD-71A1C332F085}.Release|Any CPU.ActiveCfg = Release|Any CPU
		{ED2FFDF3-FBD4-4DC7-B2AD-71A1C332F085}.Release|Any CPU.Build.0 = Release|Any CPU
	EndGlobalSection
	GlobalSection(SolutionProperties) = preSolution
		HideSolutionNode = FALSE
	EndGlobalSection
	GlobalSection(ExtensibilityGlobals) = postSolution
		SolutionGuid = {F484E3B0-2599-4EC8-AF47-3173F0301EAF}
	EndGlobalSection
EndGlobal
